
Microsoft Visual Studio Solution File, Format Version 12.00
# Visual Studio Version 16
VisualStudioVersion = 16.0.29424.173
MinimumVisualStudioVersion = 10.0.40219.1
Project("{FAE04EC0-301F-11D3-BF4B-00C04F79EFBC}") = "Tetra API", "Tetra API\Tetra API.csproj", "{A8180AB4-D92D-4065-ACBE-F57FA18BB4E3}"
EndProject
Project("{FAE04EC0-301F-11D3-BF4B-00C04F79EFBC}") = "Tetra Server", "Tetra Server\Tetra Server.csproj", "{1C4FA67C-C11E-40B1-9CBD-547F0F43EF4D}"
EndProject
Global
	GlobalSection(SolutionConfigurationPlatforms) = preSolution
		Debug|Any CPU = Debug|Any CPU
		Release|Any CPU = Release|Any CPU
	EndGlobalSection
	GlobalSection(ProjectConfigurationPlatforms) = postSolution
		{A8180AB4-D92D-4065-ACBE-F57FA18BB4E3}.Debug|Any CPU.ActiveCfg = Debug|Any CPU
		{A8180AB4-D92D-4065-ACBE-F57FA18BB4E3}.Debug|Any CPU.Build.0 = Debug|Any CPU
		{A8180AB4-D92D-4065-ACBE-F57FA18BB4E3}.Release|Any CPU.ActiveCfg = Release|Any CPU
		{A8180AB4-D92D-4065-ACBE-F57FA18BB4E3}.Release|Any CPU.Build.0 = Release|Any CPU
		{1C4FA67C-C11E-40B1-9CBD-547F0F43EF4D}.Debug|Any CPU.ActiveCfg = Debug|Any CPU
		{1C4FA67C-C11E-40B1-9CBD-547F0F43EF4D}.Debug|Any CPU.Build.0 = Debug|Any CPU
		{1C4FA67C-C11E-40B1-9CBD-547F0F43EF4D}.Release|Any CPU.ActiveCfg = Release|Any CPU
		{1C4FA67C-C11E-40B1-9CBD-547F0F43EF4D}.Release|Any CPU.Build.0 = Release|Any CPU
	EndGlobalSection
	GlobalSection(SolutionProperties) = preSolution
		HideSolutionNode = FALSE
	EndGlobalSection
	GlobalSection(ExtensibilityGlobals) = postSolution
		SolutionGuid = {A97CD18C-CF1A-4004-B134-E9EB0265997F}
	EndGlobalSection
EndGlobal
